
Microsoft Visual Studio Solution File, Format Version 12.00
# Visual Studio Version 17
VisualStudioVersion = 17.3.32825.248
MinimumVisualStudioVersion = 10.0.40219.1
Project("{9A19103F-16F7-4668-BE54-9A1E7A4F7556}") = "Application", "Application\Application.csproj", "{D83653D2-8F39-4500-BC4D-463B75294287}"
EndProject
Project("{9A19103F-16F7-4668-BE54-9A1E7A4F7556}") = "Domain", "Domain\Domain.csproj", "{87BF2C56-1842-48FB-9C8F-A01C85755D20}"
EndProject
Project("{9A19103F-16F7-4668-BE54-9A1E7A4F7556}") = "Infraestructure", "Infraestructure\Infraestructure.csproj", "{2F72F8DB-6E44-4BB6-82CC-CFD59A61E186}"
EndProject
Project("{9A19103F-16F7-4668-BE54-9A1E7A4F7556}") = "Tienda.APP", "Tienda.APP\Tienda.APP.csproj", "{FF163DD1-4807-4DE5-9E66-E5037D3AD016}"
EndProject
Global
	GlobalSection(SolutionConfigurationPlatforms) = preSolution
		Debug|Any CPU = Debug|Any CPU
		Release|Any CPU = Release|Any CPU
	EndGlobalSection
	GlobalSection(ProjectConfigurationPlatforms) = postSolution
		{D83653D2-8F39-4500-BC4D-463B75294287}.Debug|Any CPU.ActiveCfg = Debug|Any CPU
		{D83653D2-8F39-4500-BC4D-463B75294287}.Debug|Any CPU.Build.0 = Debug|Any CPU
		{D83653D2-8F39-4500-BC4D-463B75294287}.Release|Any CPU.ActiveCfg = Release|Any CPU
		{D83653D2-8F39-4500-BC4D-463B75294287}.Release|Any CPU.Build.0 = Release|Any CPU
		{87BF2C56-1842-48FB-9C8F-A01C85755D20}.Debug|Any CPU.ActiveCfg = Debug|Any CPU
		{87BF2C56-1842-48FB-9C8F-A01C85755D20}.Debug|Any CPU.Build.0 = Debug|Any CPU
		{87BF2C56-1842-48FB-9C8F-A01C85755D20}.Release|Any CPU.ActiveCfg = Release|Any CPU
		{87BF2C56-1842-48FB-9C8F-A01C85755D20}.Release|Any CPU.Build.0 = Release|Any CPU
		{2F72F8DB-6E44-4BB6-82CC-CFD59A61E186}.Debug|Any CPU.ActiveCfg = Debug|Any CPU
		{2F72F8DB-6E44-4BB6-82CC-CFD59A61E186}.Debug|Any CPU.Build.0 = Debug|Any CPU
		{2F72F8DB-6E44-4BB6-82CC-CFD59A61E186}.Release|Any CPU.ActiveCfg = Release|Any CPU
		{2F72F8DB-6E44-4BB6-82CC-CFD59A61E186}.Release|Any CPU.Build.0 = Release|Any CPU
		{FF163DD1-4807-4DE5-9E66-E5037D3AD016}.Debug|Any CPU.ActiveCfg = Debug|Any CPU
		{FF163DD1-4807-4DE5-9E66-E5037D3AD016}.Debug|Any CPU.Build.0 = Debug|Any CPU
		{FF163DD1-4807-4DE5-9E66-E5037D3AD016}.Release|Any CPU.ActiveCfg = Release|Any CPU
		{FF163DD1-4807-4DE5-9E66-E5037D3AD016}.Release|Any CPU.Build.0 = Release|Any CPU
	EndGlobalSection
	GlobalSection(SolutionProperties) = preSolution
		HideSolutionNode = FALSE
	EndGlobalSection
	GlobalSection(ExtensibilityGlobals) = postSolution
		SolutionGuid = {27614E90-6F62-4E4D-8E7D-42A512511B63}
	EndGlobalSection
EndGlobal
